// !$*UTF8*$!
{
	archiveVersion = 1;
	classes = {
	};
	objectVersion = 56;
	objects = {

/* Begin PBXBuildFile section */
		E585229C296AD7A600A6D895 /* EmojiArt_MultiplatformApp.swift in Sources */ = {isa = PBXBuildFile; fileRef = E585229B296AD7A600A6D895 /* EmojiArt_MultiplatformApp.swift */; };
		E58522A2296AD7A700A6D895 /* Assets.xcassets in Resources */ = {isa = PBXBuildFile; fileRef = E58522A1296AD7A700A6D895 /* Assets.xcassets */; };
		E58522A7296AD7A700A6D895 /* Preview Assets.xcassets in Resources */ = {isa = PBXBuildFile; fileRef = E58522A6296AD7A700A6D895 /* Preview Assets.xcassets */; };
		E58522BA296AD80B00A6D895 /* UtilityExtensions.swift in Sources */ = {isa = PBXBuildFile; fileRef = E58522AD296AD80600A6D895 /* UtilityExtensions.swift */; };
		E58522BB296AD80B00A6D895 /* EmojiArtDocument.swift in Sources */ = {isa = PBXBuildFile; fileRef = E58522AE296AD80700A6D895 /* EmojiArtDocument.swift */; };
		E58522BC296AD80B00A6D895 /* EmojiArtDocumentView.swift in Sources */ = {isa = PBXBuildFile; fileRef = E58522AF296AD80700A6D895 /* EmojiArtDocumentView.swift */; };
		E58522BD296AD80B00A6D895 /* PaletteEditor.swift in Sources */ = {isa = PBXBuildFile; fileRef = E58522B0296AD80800A6D895 /* PaletteEditor.swift */; };
		E58522BE296AD80B00A6D895 /* Camera.swift in Sources */ = {isa = PBXBuildFile; fileRef = E58522B1296AD80800A6D895 /* Camera.swift */; };
		E58522BF296AD80B00A6D895 /* PaletteChooser.swift in Sources */ = {isa = PBXBuildFile; fileRef = E58522B2296AD80900A6D895 /* PaletteChooser.swift */; };
		E58522C0296AD80B00A6D895 /* EmojiArtModel.swift in Sources */ = {isa = PBXBuildFile; fileRef = E58522B3296AD80900A6D895 /* EmojiArtModel.swift */; };
		E58522C1296AD80B00A6D895 /* PaletteManager.swift in Sources */ = {isa = PBXBuildFile; fileRef = E58522B4296AD80900A6D895 /* PaletteManager.swift */; };
		E58522C2296AD80B00A6D895 /* EmojiArtModel.Background.swift in Sources */ = {isa = PBXBuildFile; fileRef = E58522B5296AD80A00A6D895 /* EmojiArtModel.Background.swift */; };
		E58522C3296AD80B00A6D895 /* UtilityViews.swift in Sources */ = {isa = PBXBuildFile; fileRef = E58522B6296AD80A00A6D895 /* UtilityViews.swift */; };
		E58522C5296AD80B00A6D895 /* PaletteStore.swift in Sources */ = {isa = PBXBuildFile; fileRef = E58522B8296AD80B00A6D895 /* PaletteStore.swift */; };
		E58522C8296AD85200A6D895 /* macOS.swift in Sources */ = {isa = PBXBuildFile; fileRef = E58522C7296AD85200A6D895 /* macOS.swift */; };
		E58522C9296AD8A300A6D895 /* PhotoLibrary.swift in Sources */ = {isa = PBXBuildFile; fileRef = E58522B7296AD80B00A6D895 /* PhotoLibrary.swift */; };
		E58522CB296ADB6F00A6D895 /* iOS.swift in Sources */ = {isa = PBXBuildFile; fileRef = E58522CA296ADB6F00A6D895 /* iOS.swift */; };
/* End PBXBuildFile section */

/* Begin PBXFileReference section */
		E5852298296AD7A600A6D895 /* EmojiArt_Multiplatform.app */ = {isa = PBXFileReference; explicitFileType = wrapper.application; includeInIndex = 0; path = EmojiArt_Multiplatform.app; sourceTree = BUILT_PRODUCTS_DIR; };
		E585229B296AD7A600A6D895 /* EmojiArt_MultiplatformApp.swift */ = {isa = PBXFileReference; lastKnownFileType = sourcecode.swift; path = EmojiArt_MultiplatformApp.swift; sourceTree = "<group>"; };
		E58522A1296AD7A700A6D895 /* Assets.xcassets */ = {isa = PBXFileReference; lastKnownFileType = folder.assetcatalog; path = Assets.xcassets; sourceTree = "<group>"; };
		E58522A3296AD7A700A6D895 /* Info.plist */ = {isa = PBXFileReference; lastKnownFileType = text.plist.xml; path = Info.plist; sourceTree = "<group>"; };
		E58522A4296AD7A700A6D895 /* EmojiArt_Multiplatform.entitlements */ = {isa = PBXFileReference; lastKnownFileType = text.plist.entitlements; path = EmojiArt_Multiplatform.entitlements; sourceTree = "<group>"; };
		E58522A6296AD7A700A6D895 /* Preview Assets.xcassets */ = {isa = PBXFileReference; lastKnownFileType = folder.assetcatalog; path = "Preview Assets.xcassets"; sourceTree = "<group>"; };
		E58522AD296AD80600A6D895 /* UtilityExtensions.swift */ = {isa = PBXFileReference; fileEncoding = 4; lastKnownFileType = sourcecode.swift; path = UtilityExtensions.swift; sourceTree = "<group>"; };
		E58522AE296AD80700A6D895 /* EmojiArtDocument.swift */ = {isa = PBXFileReference; fileEncoding = 4; lastKnownFileType = sourcecode.swift; path = EmojiArtDocument.swift; sourceTree = "<group>"; };
		E58522AF296AD80700A6D895 /* EmojiArtDocumentView.swift */ = {isa = PBXFileReference; fileEncoding = 4; lastKnownFileType = sourcecode.swift; path = EmojiArtDocumentView.swift; sourceTree = "<group>"; };
		E58522B0296AD80800A6D895 /* PaletteEditor.swift */ = {isa = PBXFileReference; fileEncoding = 4; lastKnownFileType = sourcecode.swift; path = PaletteEditor.swift; sourceTree = "<group>"; };
		E58522B1296AD80800A6D895 /* Camera.swift */ = {isa = PBXFileReference; fileEncoding = 4; lastKnownFileType = sourcecode.swift; path = Camera.swift; sourceTree = "<group>"; };
		E58522B2296AD80900A6D895 /* PaletteChooser.swift */ = {isa = PBXFileReference; fileEncoding = 4; lastKnownFileType = sourcecode.swift; path = PaletteChooser.swift; sourceTree = "<group>"; };
		E58522B3296AD80900A6D895 /* EmojiArtModel.swift */ = {isa = PBXFileReference; fileEncoding = 4; lastKnownFileType = sourcecode.swift; path = EmojiArtModel.swift; sourceTree = "<group>"; };
		E58522B4296AD80900A6D895 /* PaletteManager.swift */ = {isa = PBXFileReference; fileEncoding = 4; lastKnownFileType = sourcecode.swift; path = PaletteManager.swift; sourceTree = "<group>"; };
		E58522B5296AD80A00A6D895 /* EmojiArtModel.Background.swift */ = {isa = PBXFileReference; fileEncoding = 4; lastKnownFileType = sourcecode.swift; path = EmojiArtModel.Background.swift; sourceTree = "<group>"; };
		E58522B6296AD80A00A6D895 /* UtilityViews.swift */ = {isa = PBXFileReference; fileEncoding = 4; lastKnownFileType = sourcecode.swift; path = UtilityViews.swift; sourceTree = "<group>"; };
		E58522B7296AD80B00A6D895 /* PhotoLibrary.swift */ = {isa = PBXFileReference; fileEncoding = 4; lastKnownFileType = sourcecode.swift; path = PhotoLibrary.swift; sourceTree = "<group>"; };
		E58522B8296AD80B00A6D895 /* PaletteStore.swift */ = {isa = PBXFileReference; fileEncoding = 4; lastKnownFileType = sourcecode.swift; path = PaletteStore.swift; sourceTree = "<group>"; };
		E58522C7296AD85200A6D895 /* macOS.swift */ = {isa = PBXFileReference; lastKnownFileType = sourcecode.swift; path = macOS.swift; sourceTree = "<group>"; };
		E58522CA296ADB6F00A6D895 /* iOS.swift */ = {isa = PBXFileReference; lastKnownFileType = sourcecode.swift; path = iOS.swift; sourceTree = "<group>"; };
/* End PBXFileReference section */

/* Begin PBXFrameworksBuildPhase section */
		E5852295296AD7A600A6D895 /* Frameworks */ = {
			isa = PBXFrameworksBuildPhase;
			buildActionMask = 2147483647;
			files = (
			);
			runOnlyForDeploymentPostprocessing = 0;
		};
/* End PBXFrameworksBuildPhase section */

/* Begin PBXGroup section */
		E585228F296AD7A600A6D895 = {
			isa = PBXGroup;
			children = (
				E585229A296AD7A600A6D895 /* EmojiArt_Multiplatform */,
				E5852299296AD7A600A6D895 /* Products */,
			);
			sourceTree = "<group>";
		};
		E5852299296AD7A600A6D895 /* Products */ = {
			isa = PBXGroup;
			children = (
				E5852298296AD7A600A6D895 /* EmojiArt_Multiplatform.app */,
			);
			name = Products;
			sourceTree = "<group>";
		};
		E585229A296AD7A600A6D895 /* EmojiArt_Multiplatform */ = {
			isa = PBXGroup;
			children = (
				E585229B296AD7A600A6D895 /* EmojiArt_MultiplatformApp.swift */,
				E58522B1296AD80800A6D895 /* Camera.swift */,
				E58522AE296AD80700A6D895 /* EmojiArtDocument.swift */,
				E58522AF296AD80700A6D895 /* EmojiArtDocumentView.swift */,
				E58522B5296AD80A00A6D895 /* EmojiArtModel.Background.swift */,
				E58522B3296AD80900A6D895 /* EmojiArtModel.swift */,
				E58522B2296AD80900A6D895 /* PaletteChooser.swift */,
				E58522B0296AD80800A6D895 /* PaletteEditor.swift */,
				E58522B4296AD80900A6D895 /* PaletteManager.swift */,
				E58522B8296AD80B00A6D895 /* PaletteStore.swift */,
				E58522B7296AD80B00A6D895 /* PhotoLibrary.swift */,
				E58522AD296AD80600A6D895 /* UtilityExtensions.swift */,
				E58522B6296AD80A00A6D895 /* UtilityViews.swift */,
				E58522CA296ADB6F00A6D895 /* iOS.swift */,
				E58522C7296AD85200A6D895 /* macOS.swift */,
				E58522A1296AD7A700A6D895 /* Assets.xcassets */,
				E58522A3296AD7A700A6D895 /* Info.plist */,
				E58522A4296AD7A700A6D895 /* EmojiArt_Multiplatform.entitlements */,
				E58522A5296AD7A700A6D895 /* Preview Content */,
			);
			path = EmojiArt_Multiplatform;
			sourceTree = "<group>";
		};
		E58522A5296AD7A700A6D895 /* Preview Content */ = {
			isa = PBXGroup;
			children = (
				E58522A6296AD7A700A6D895 /* Preview Assets.xcassets */,
			);
			path = "Preview Content";
			sourceTree = "<group>";
		};
/* End PBXGroup section */

/* Begin PBXNativeTarget section */
		E5852297296AD7A600A6D895 /* EmojiArt_Multiplatform */ = {
			isa = PBXNativeTarget;
			buildConfigurationList = E58522AA296AD7A700A6D895 /* Build configuration list for PBXNativeTarget "EmojiArt_Multiplatform" */;
			buildPhases = (
				E5852294296AD7A600A6D895 /* Sources */,
				E5852295296AD7A600A6D895 /* Frameworks */,
				E5852296296AD7A600A6D895 /* Resources */,
			);
			buildRules = (
			);
			dependencies = (
			);
			name = EmojiArt_Multiplatform;
			productName = EmojiArt_Multiplatform;
			productReference = E5852298296AD7A600A6D895 /* EmojiArt_Multiplatform.app */;
			productType = "com.apple.product-type.application";
		};
/* End PBXNativeTarget section */

/* Begin PBXProject section */
		E5852290296AD7A600A6D895 /* Project object */ = {
			isa = PBXProject;
			attributes = {
				BuildIndependentTargetsInParallel = 1;
				LastSwiftUpdateCheck = 1410;
				LastUpgradeCheck = 1410;
				TargetAttributes = {
					E5852297296AD7A600A6D895 = {
						CreatedOnToolsVersion = 14.1;
					};
				};
			};
			buildConfigurationList = E5852293296AD7A600A6D895 /* Build configuration list for PBXProject "EmojiArt_Multiplatform" */;
			compatibilityVersion = "Xcode 14.0";
			developmentRegion = en;
			hasScannedForEncodings = 0;
			knownRegions = (
				en,
				Base,
			);
			mainGroup = E585228F296AD7A600A6D895;
			productRefGroup = E5852299296AD7A600A6D895 /* Products */;
			projectDirPath = "";
			projectRoot = "";
			targets = (
				E5852297296AD7A600A6D895 /* EmojiArt_Multiplatform */,
			);
		};
/* End PBXProject section */

/* Begin PBXResourcesBuildPhase section */
		E5852296296AD7A600A6D895 /* Resources */ = {
			isa = PBXResourcesBuildPhase;
			buildActionMask = 2147483647;
			files = (
				E58522A7296AD7A700A6D895 /* Preview Assets.xcassets in Resources */,
				E58522A2296AD7A700A6D895 /* Assets.xcassets in Resources */,
			);
			runOnlyForDeploymentPostprocessing = 0;
		};
/* End PBXResourcesBuildPhase section */

/* Begin PBXSourcesBuildPhase section */
		E5852294296AD7A600A6D895 /* Sources */ = {
			isa = PBXSourcesBuildPhase;
			buildActionMask = 2147483647;
			files = (
				E58522BE296AD80B00A6D895 /* Camera.swift in Sources */,
				E58522C9296AD8A300A6D895 /* PhotoLibrary.swift in Sources */,
				E58522C5296AD80B00A6D895 /* PaletteStore.swift in Sources */,
				E58522C1296AD80B00A6D895 /* PaletteManager.swift in Sources */,
				E585229C296AD7A600A6D895 /* EmojiArt_MultiplatformApp.swift in Sources */,
				E58522C3296AD80B00A6D895 /* UtilityViews.swift in Sources */,
				E58522BD296AD80B00A6D895 /* PaletteEditor.swift in Sources */,
				E58522BC296AD80B00A6D895 /* EmojiArtDocumentView.swift in Sources */,
				E58522BB296AD80B00A6D895 /* EmojiArtDocument.swift in Sources */,
				E58522C8296AD85200A6D895 /* macOS.swift in Sources */,
				E58522C2296AD80B00A6D895 /* EmojiArtModel.Background.swift in Sources */,
				E58522C0296AD80B00A6D895 /* EmojiArtModel.swift in Sources */,
				E58522BA296AD80B00A6D895 /* UtilityExtensions.swift in Sources */,
				E58522CB296ADB6F00A6D895 /* iOS.swift in Sources */,
				E58522BF296AD80B00A6D895 /* PaletteChooser.swift in Sources */,
			);
			runOnlyForDeploymentPostprocessing = 0;
		};
/* End PBXSourcesBuildPhase section */

/* Begin XCBuildConfiguration section */
		E58522A8296AD7A700A6D895 /* Debug */ = {
			isa = XCBuildConfiguration;
			buildSettings = {
				ALWAYS_SEARCH_USER_PATHS = NO;
				CLANG_ANALYZER_NONNULL = YES;
				CLANG_ANALYZER_NUMBER_OBJECT_CONVERSION = YES_AGGRESSIVE;
				CLANG_CXX_LANGUAGE_STANDARD = "gnu++20";
				CLANG_ENABLE_MODULES = YES;
				CLANG_ENABLE_OBJC_ARC = YES;
				CLANG_ENABLE_OBJC_WEAK = YES;
				CLANG_WARN_BLOCK_CAPTURE_AUTORELEASING = YES;
				CLANG_WARN_BOOL_CONVERSION = YES;
				CLANG_WARN_COMMA = YES;
				CLANG_WARN_CONSTANT_CONVERSION = YES;
				CLANG_WARN_DEPRECATED_OBJC_IMPLEMENTATIONS = YES;
				CLANG_WARN_DIRECT_OBJC_ISA_USAGE = YES_ERROR;
				CLANG_WARN_DOCUMENTATION_COMMENTS = YES;
				CLANG_WARN_EMPTY_BODY = YES;
				CLANG_WARN_ENUM_CONVERSION = YES;
				CLANG_WARN_INFINITE_RECURSION = YES;
				CLANG_WARN_INT_CONVERSION = YES;
				CLANG_WARN_NON_LITERAL_NULL_CONVERSION = YES;
				CLANG_WARN_OBJC_IMPLICIT_RETAIN_SELF = YES;
				CLANG_WARN_OBJC_LITERAL_CONVERSION = YES;
				CLANG_WARN_OBJC_ROOT_CLASS = YES_ERROR;
				CLANG_WARN_QUOTED_INCLUDE_IN_FRAMEWORK_HEADER = YES;
				CLANG_WARN_RANGE_LOOP_ANALYSIS = YES;
				CLANG_WARN_STRICT_PROTOTYPES = YES;
				CLANG_WARN_SUSPICIOUS_MOVE = YES;
				CLANG_WARN_UNGUARDED_AVAILABILITY = YES_AGGRESSIVE;
				CLANG_WARN_UNREACHABLE_CODE = YES;
				CLANG_WARN__DUPLICATE_METHOD_MATCH = YES;
				COPY_PHASE_STRIP = NO;
				DEBUG_INFORMATION_FORMAT = dwarf;
				ENABLE_STRICT_OBJC_MSGSEND = YES;
				ENABLE_TESTABILITY = YES;
				GCC_C_LANGUAGE_STANDARD = gnu11;
				GCC_DYNAMIC_NO_PIC = NO;
				GCC_NO_COMMON_BLOCKS = YES;
				GCC_OPTIMIZATION_LEVEL = 0;
				GCC_PREPROCESSOR_DEFINITIONS = (
					"DEBUG=1",
					"$(inherited)",
				);
				GCC_WARN_64_TO_32_BIT_CONVERSION = YES;
				GCC_WARN_ABOUT_RETURN_TYPE = YES_ERROR;
				GCC_WARN_UNDECLARED_SELECTOR = YES;
				GCC_WARN_UNINITIALIZED_AUTOS = YES_AGGRESSIVE;
				GCC_WARN_UNUSED_FUNCTION = YES;
				GCC_WARN_UNUSED_VARIABLE = YES;
				MTL_ENABLE_DEBUG_INFO = INCLUDE_SOURCE;
				MTL_FAST_MATH = YES;
				ONLY_ACTIVE_ARCH = YES;
				SWIFT_ACTIVE_COMPILATION_CONDITIONS = DEBUG;
				SWIFT_OPTIMIZATION_LEVEL = "-Onone";
			};
			name = Debug;
		};
		E58522A9296AD7A700A6D895 /* Release */ = {
			isa = XCBuildConfiguration;
			buildSettings = {
				ALWAYS_SEARCH_USER_PATHS = NO;
				CLANG_ANALYZER_NONNULL = YES;
				CLANG_ANALYZER_NUMBER_OBJECT_CONVERSION = YES_AGGRESSIVE;
				CLANG_CXX_LANGUAGE_STANDARD = "gnu++20";
				CLANG_ENABLE_MODULES = YES;
				CLANG_ENABLE_OBJC_ARC = YES;
				CLANG_ENABLE_OBJC_WEAK = YES;
				CLANG_WARN_BLOCK_CAPTURE_AUTORELEASING = YES;
				CLANG_WARN_BOOL_CONVERSION = YES;
				CLANG_WARN_COMMA = YES;
				CLANG_WARN_CONSTANT_CONVERSION = YES;
				CLANG_WARN_DEPRECATED_OBJC_IMPLEMENTATIONS = YES;
				CLANG_WARN_DIRECT_OBJC_ISA_USAGE = YES_ERROR;
				CLANG_WARN_DOCUMENTATION_COMMENTS = YES;
				CLANG_WARN_EMPTY_BODY = YES;
				CLANG_WARN_ENUM_CONVERSION = YES;
				CLANG_WARN_INFINITE_RECURSION = YES;
				CLANG_WARN_INT_CONVERSION = YES;
				CLANG_WARN_NON_LITERAL_NULL_CONVERSION = YES;
				CLANG_WARN_OBJC_IMPLICIT_RETAIN_SELF = YES;
				CLANG_WARN_OBJC_LITERAL_CONVERSION = YES;
				CLANG_WARN_OBJC_ROOT_CLASS = YES_ERROR;
				CLANG_WARN_QUOTED_INCLUDE_IN_FRAMEWORK_HEADER = YES;
				CLANG_WARN_RANGE_LOOP_ANALYSIS = YES;
				CLANG_WARN_STRICT_PROTOTYPES = YES;
				CLANG_WARN_SUSPICIOUS_MOVE = YES;
				CLANG_WARN_UNGUARDED_AVAILABILITY = YES_AGGRESSIVE;
				CLANG_WARN_UNREACHABLE_CODE = YES;
				CLANG_WARN__DUPLICATE_METHOD_MATCH = YES;
				COPY_PHASE_STRIP = NO;
				DEBUG_INFORMATION_FORMAT = "dwarf-with-dsym";
				ENABLE_NS_ASSERTIONS = NO;
				ENABLE_STRICT_OBJC_MSGSEND = YES;
				GCC_C_LANGUAGE_STANDARD = gnu11;
				GCC_NO_COMMON_BLOCKS = YES;
				GCC_WARN_64_TO_32_BIT_CONVERSION = YES;
				GCC_WARN_ABOUT_RETURN_TYPE = YES_ERROR;
				GCC_WARN_UNDECLARED_SELECTOR = YES;
				GCC_WARN_UNINITIALIZED_AUTOS = YES_AGGRESSIVE;
				GCC_WARN_UNUSED_FUNCTION = YES;
				GCC_WARN_UNUSED_VARIABLE = YES;
				MTL_ENABLE_DEBUG_INFO = NO;
				MTL_FAST_MATH = YES;
				SWIFT_COMPILATION_MODE = wholemodule;
				SWIFT_OPTIMIZATION_LEVEL = "-O";
			};
			name = Release;
		};
		E58522AB296AD7A700A6D895 /* Debug */ = {
			isa = XCBuildConfiguration;
			buildSettings = {
				ASSETCATALOG_COMPILER_APPICON_NAME = AppIcon;
				ASSETCATALOG_COMPILER_GLOBAL_ACCENT_COLOR_NAME = AccentColor;
				CODE_SIGN_ENTITLEMENTS = EmojiArt_Multiplatform/EmojiArt_Multiplatform.entitlements;
				CODE_SIGN_STYLE = Automatic;
				CURRENT_PROJECT_VERSION = 1;
				DEVELOPMENT_ASSET_PATHS = "\"EmojiArt_Multiplatform/Preview Content\"";
				DEVELOPMENT_TEAM = 4CLUGWWXXZ;
				ENABLE_HARDENED_RUNTIME = YES;
				ENABLE_PREVIEWS = YES;
				GENERATE_INFOPLIST_FILE = YES;
				INFOPLIST_FILE = EmojiArt_Multiplatform/Info.plist;
				"INFOPLIST_KEY_UIApplicationSceneManifest_Generation[sdk=iphoneos*]" = YES;
				"INFOPLIST_KEY_UIApplicationSceneManifest_Generation[sdk=iphonesimulator*]" = YES;
				"INFOPLIST_KEY_UIApplicationSupportsIndirectInputEvents[sdk=iphoneos*]" = YES;
				"INFOPLIST_KEY_UIApplicationSupportsIndirectInputEvents[sdk=iphonesimulator*]" = YES;
				"INFOPLIST_KEY_UILaunchScreen_Generation[sdk=iphoneos*]" = YES;
				"INFOPLIST_KEY_UILaunchScreen_Generation[sdk=iphonesimulator*]" = YES;
				"INFOPLIST_KEY_UIStatusBarStyle[sdk=iphoneos*]" = UIStatusBarStyleDefault;
				"INFOPLIST_KEY_UIStatusBarStyle[sdk=iphonesimulator*]" = UIStatusBarStyleDefault;
				INFOPLIST_KEY_UISupportedInterfaceOrientations_iPad = "UIInterfaceOrientationPortrait UIInterfaceOrientationPortraitUpsideDown UIInterfaceOrientationLandscapeLeft UIInterfaceOrientationLandscapeRight";
				INFOPLIST_KEY_UISupportedInterfaceOrientations_iPhone = "UIInterfaceOrientationPortrait UIInterfaceOrientationLandscapeLeft UIInterfaceOrientationLandscapeRight";
				"INFOPLIST_KEY_UISupportsDocumentBrowser[sdk=iphoneos*]" = YES;
				"INFOPLIST_KEY_UISupportsDocumentBrowser[sdk=iphonesimulator*]" = YES;
				IPHONEOS_DEPLOYMENT_TARGET = 16.1;
				LD_RUNPATH_SEARCH_PATHS = "@executable_path/Frameworks";
				"LD_RUNPATH_SEARCH_PATHS[sdk=macosx*]" = "@executable_path/../Frameworks";
				MACOSX_DEPLOYMENT_TARGET = 13.0;
				MARKETING_VERSION = 1.0;
				PRODUCT_BUNDLE_IDENTIFIER = "Lata-Jakub.developer.EmojiArt-Multiplatform";
				PRODUCT_NAME = "$(TARGET_NAME)";
				SDKROOT = auto;
				SUPPORTED_PLATFORMS = "iphoneos iphonesimulator macosx";
				SWIFT_EMIT_LOC_STRINGS = YES;
				SWIFT_VERSION = 5.0;
				TARGETED_DEVICE_FAMILY = "1,2";
			};
			name = Debug;
		};
		E58522AC296AD7A700A6D895 /* Release */ = {
			isa = XCBuildConfiguration;
			buildSettings = {
				ASSETCATALOG_COMPILER_APPICON_NAME = AppIcon;
				ASSETCATALOG_COMPILER_GLOBAL_ACCENT_COLOR_NAME = AccentColor;
				CODE_SIGN_ENTITLEMENTS = EmojiArt_Multiplatform/EmojiArt_Multiplatform.entitlements;
				CODE_SIGN_STYLE = Automatic;
				CURRENT_PROJECT_VERSION = 1;
				DEVELOPMENT_ASSET_PATHS = "\"EmojiArt_Multiplatform/Preview Content\"";
				DEVELOPMENT_TEAM = 4CLUGWWXXZ;
				ENABLE_HARDENED_RUNTIME = YES;
				ENABLE_PREVIEWS = YES;
				GENERATE_INFOPLIST_FILE = YES;
				INFOPLIST_FILE = EmojiArt_Multiplatform/Info.plist;
				"INFOPLIST_KEY_UIApplicationSceneManifest_Generation[sdk=iphoneos*]" = YES;
				"INFOPLIST_KEY_UIApplicationSceneManifest_Generation[sdk=iphonesimulator*]" = YES;
				"INFOPLIST_KEY_UIApplicationSupportsIndirectInputEvents[sdk=iphoneos*]" = YES;
				"INFOPLIST_KEY_UIApplicationSupportsIndirectInputEvents[sdk=iphonesimulator*]" = YES;
				"INFOPLIST_KEY_UILaunchScreen_Generation[sdk=iphoneos*]" = YES;
				"INFOPLIST_KEY_UILaunchScreen_Generation[sdk=iphonesimulator*]" = YES;
				"INFOPLIST_KEY_UIStatusBarStyle[sdk=iphoneos*]" = UIStatusBarStyleDefault;
				"INFOPLIST_KEY_UIStatusBarStyle[sdk=iphonesimulator*]" = UIStatusBarStyleDefault;
				INFOPLIST_KEY_UISupportedInterfaceOrientations_iPad = "UIInterfaceOrientationPortrait UIInterfaceOrientationPortraitUpsideDown UIInterfaceOrientationLandscapeLeft UIInterfaceOrientationLandscapeRight";
				INFOPLIST_KEY_UISupportedInterfaceOrientations_iPhone = "UIInterfaceOrientationPortrait UIInterfaceOrientationLandscapeLeft UIInterfaceOrientationLandscapeRight";
				"INFOPLIST_KEY_UISupportsDocumentBrowser[sdk=iphoneos*]" = YES;
				"INFOPLIST_KEY_UISupportsDocumentBrowser[sdk=iphonesimulator*]" = YES;
				IPHONEOS_DEPLOYMENT_TARGET = 16.1;
				LD_RUNPATH_SEARCH_PATHS = "@executable_path/Frameworks";
				"LD_RUNPATH_SEARCH_PATHS[sdk=macosx*]" = "@executable_path/../Frameworks";
				MACOSX_DEPLOYMENT_TARGET = 13.0;
				MARKETING_VERSION = 1.0;
				PRODUCT_BUNDLE_IDENTIFIER = "Lata-Jakub.developer.EmojiArt-Multiplatform";
				PRODUCT_NAME = "$(TARGET_NAME)";
				SDKROOT = auto;
				SUPPORTED_PLATFORMS = "iphoneos iphonesimulator macosx";
				SWIFT_EMIT_LOC_STRINGS = YES;
				SWIFT_VERSION = 5.0;
				TARGETED_DEVICE_FAMILY = "1,2";
			};
			name = Release;
		};
/* End XCBuildConfiguration section */

/* Begin XCConfigurationList section */
		E5852293296AD7A600A6D895 /* Build configuration list for PBXProject "EmojiArt_Multiplatform" */ = {
			isa = XCConfigurationList;
			buildConfigurations = (
				E58522A8296AD7A700A6D895 /* Debug */,
				E58522A9296AD7A700A6D895 /* Release */,
			);
			defaultConfigurationIsVisible = 0;
			defaultConfigurationName = Release;
		};
		E58522AA296AD7A700A6D895 /* Build configuration list for PBXNativeTarget "EmojiArt_Multiplatform" */ = {
			isa = XCConfigurationList;
			buildConfigurations = (
				E58522AB296AD7A700A6D895 /* Debug */,
				E58522AC296AD7A700A6D895 /* Release */,
			);
			defaultConfigurationIsVisible = 0;
			defaultConfigurationName = Release;
		};
/* End XCConfigurationList section */
	};
	rootObject = E5852290296AD7A600A6D895 /* Project object */;
}
